{
  "version": 4,
  "terraform_version": "0.12.17",
  "serial": 5,
  "lineage": "eeed1a90-d39b-895d-b2ef-75894bcf047e",
  "outputs": {
    "app_id": {
      "value": "389b87d7-0f3c-4421-841a-37468a8baec2",
      "type": "string"
    },
    "instrumentation_key": {
      "value": "8f5c7368-e8d8-4af0-b1cf-f17bc30fbbdd",
      "type": "string"
    }
  },
  "resources": [
    {
      "mode": "managed",
      "type": "azurerm_app_service",
      "name": "project1",
      "provider": "provider.azurerm",
      "instances": [
        {
          "schema_version": 0,
          "attributes": {
            "app_service_plan_id": "/subscriptions/1a570642-b403-42b5-9ffc-908d2f3db1f2/resourceGroups/dotnetcoredemo-dev/providers/Microsoft.Web/serverfarms/dotnetcoredemo-dev-appserviceplan",
            "app_settings": {
              "WEBSITE_NODE_DEFAULT_VERSION": "6.9.1"
            },
            "auth_settings": [
              {
                "active_directory": [],
                "additional_login_params": {},
                "allowed_external_redirect_urls": [],
                "default_provider": "",
                "enabled": false,
                "facebook": [],
                "google": [],
                "issuer": "",
                "microsoft": [],
                "runtime_version": "",
                "token_refresh_extension_hours": 0,
                "token_store_enabled": false,
                "twitter": [],
                "unauthenticated_client_action": ""
              }
            ],
            "backup": [],
            "client_affinity_enabled": false,
            "client_cert_enabled": false,
            "connection_string": [],
            "default_site_hostname": "dotnetcoredemo-dev-appservice.azurewebsites.net",
            "enabled": true,
            "https_only": false,
            "id": "/subscriptions/1a570642-b403-42b5-9ffc-908d2f3db1f2/resourceGroups/dotnetcoredemo-dev/providers/Microsoft.Web/sites/dotnetcoredemo-dev-appservice",
            "identity": [],
            "location": "centralus",
            "logs": [
              {
                "application_logs": [
                  {
                    "azure_blob_storage": []
                  }
                ],
                "http_logs": [
                  {
                    "azure_blob_storage": [],
                    "file_system": []
                  }
                ]
              }
            ],
            "name": "dotnetcoredemo-dev-appservice",
            "outbound_ip_addresses": "52.165.155.237,52.165.163.74,52.165.156.51,52.165.153.226,52.173.23.151",
            "possible_outbound_ip_addresses": "52.165.155.237,52.165.163.74,52.165.156.51,52.165.153.226,52.173.23.151",
            "resource_group_name": "dotnetcoredemo-dev",
            "site_config": [
              {
                "always_on": false,
                "app_command_line": "",
                "auto_swap_slot_name": "",
                "cors": [],
                "default_documents": [
                  "Default.htm",
                  "Default.html",
                  "Default.asp",
                  "index.htm",
                  "index.html",
                  "iisstart.htm",
                  "default.aspx",
                  "index.php",
                  "hostingstart.html"
                ],
                "dotnet_framework_version": "v4.0",
                "ftps_state": "AllAllowed",
                "health_check_path": "",
                "http2_enabled": false,
                "ip_restriction": [],
                "java_container": "",
                "java_container_version": "",
                "java_version": "",
                "linux_fx_version": "",
                "local_mysql_enabled": false,
                "managed_pipeline_mode": "Integrated",
                "min_tls_version": "1.2",
                "php_version": "5.6",
                "python_version": "",
                "remote_debugging_enabled": false,
                "remote_debugging_version": "",
                "scm_ip_restriction": [],
                "scm_type": "None",
                "scm_use_main_ip_restriction": false,
                "use_32_bit_worker_process": true,
                "websockets_enabled": false,
                "windows_fx_version": ""
              }
            ],
            "site_credential": [
              {
                "password": "j2uqAEGQB3lq9c0im1Xst9SdiKrznmT089R7EADtcgPRro9jMoFRmzTzwp2b",
                "username": "$dotnetcoredemo-dev-appservice"
              }
            ],
            "source_control": [
              {
                "branch": "master",
                "repo_url": ""
              }
            ],
            "storage_account": [],
            "tags": null,
            "timeouts": null
          },
          "private": "eyJlMmJmYjczMC1lY2FhLTExZTYtOGY4OC0zNDM2M2JjN2M0YzAiOnsiY3JlYXRlIjoxODAwMDAwMDAwMDAwLCJkZWxldGUiOjE4MDAwMDAwMDAwMDAsInJlYWQiOjMwMDAwMDAwMDAwMCwidXBkYXRlIjoxODAwMDAwMDAwMDAwfX0=",
          "dependencies": [
            "azurerm_app_service_plan.project1",
            "azurerm_resource_group.project1"
          ]
        }
      ]
    },
    {
      "mode": "managed",
      "type": "azurerm_app_service_plan",
      "name": "project1",
      "provider": "provider.azurerm",
      "instances": [
        {
          "schema_version": 0,
          "attributes": {
            "app_service_environment_id": "",
            "id": "/subscriptions/1a570642-b403-42b5-9ffc-908d2f3db1f2/resourceGroups/dotnetcoredemo-dev/providers/Microsoft.Web/serverfarms/dotnetcoredemo-dev-appserviceplan",
            "is_xenon": false,
            "kind": "Windows",
            "location": "centralus",
            "maximum_elastic_worker_count": 1,
            "maximum_number_of_workers": 1,
            "name": "dotnetcoredemo-dev-appserviceplan",
            "per_site_scaling": false,
            "reserved": false,
            "resource_group_name": "dotnetcoredemo-dev",
            "sku": [
              {
                "capacity": 0,
                "size": "F1",
                "tier": "Free"
              }
            ],
            "tags": null,
            "timeouts": null
          },
          "private": "eyJlMmJmYjczMC1lY2FhLTExZTYtOGY4OC0zNDM2M2JjN2M0YzAiOnsiY3JlYXRlIjozNjAwMDAwMDAwMDAwLCJkZWxldGUiOjM2MDAwMDAwMDAwMDAsInJlYWQiOjMwMDAwMDAwMDAwMCwidXBkYXRlIjozNjAwMDAwMDAwMDAwfX0=",
          "dependencies": [
            "azurerm_resource_group.project1"
          ]
        }
      ]
    },
    {
      "mode": "managed",
      "type": "azurerm_application_insights",
      "name": "project1",
      "provider": "provider.azurerm",
      "instances": [
        {
          "schema_version": 0,
          "attributes": {
            "app_id": "389b87d7-0f3c-4421-841a-37468a8baec2",
            "application_type": "web",
            "daily_data_cap_in_gb": 100,
            "daily_data_cap_notifications_disabled": false,
            "disable_ip_masking": false,
            "id": "/subscriptions/1a570642-b403-42b5-9ffc-908d2f3db1f2/resourceGroups/dotnetcoredemo-dev/providers/microsoft.insights/components/dotnetcoredemo-dev-appinsights",
            "instrumentation_key": "8f5c7368-e8d8-4af0-b1cf-f17bc30fbbdd",
            "location": "centralus",
            "name": "dotnetcoredemo-dev-appinsights",
            "resource_group_name": "dotnetcoredemo-dev",
            "retention_in_days": 90,
            "sampling_percentage": 100,
            "tags": null,
            "timeouts": null
          },
          "private": "eyJlMmJmYjczMC1lY2FhLTExZTYtOGY4OC0zNDM2M2JjN2M0YzAiOnsiY3JlYXRlIjoxODAwMDAwMDAwMDAwLCJkZWxldGUiOjE4MDAwMDAwMDAwMDAsInJlYWQiOjMwMDAwMDAwMDAwMCwidXBkYXRlIjoxODAwMDAwMDAwMDAwfX0=",
          "dependencies": [
            "azurerm_resource_group.project1"
          ]
        }
      ]
    },
    {
      "mode": "managed",
      "type": "azurerm_resource_group",
      "name": "project1",
      "provider": "provider.azurerm",
      "instances": [
        {
          "schema_version": 0,
          "attributes": {
            "id": "/subscriptions/1a570642-b403-42b5-9ffc-908d2f3db1f2/resourceGroups/dotnetcoredemo-dev",
            "location": "centralus",
            "name": "dotnetcoredemo-dev",
            "tags": null,
            "timeouts": null
          },
          "private": "eyJlMmJmYjczMC1lY2FhLTExZTYtOGY4OC0zNDM2M2JjN2M0YzAiOnsiY3JlYXRlIjo1NDAwMDAwMDAwMDAwLCJkZWxldGUiOjU0MDAwMDAwMDAwMDAsInJlYWQiOjMwMDAwMDAwMDAwMCwidXBkYXRlIjo1NDAwMDAwMDAwMDAwfX0="
        }
      ]
    }
  ]
}
